// !$*UTF8*$!
{
	archiveVersion = 1;
	classes = {
	};
	objectVersion = 47;
	objects = {

/* Begin PBXBuildFile section */
		4935A9F71D4726F900B782BC /* AppDelegate.swift in Sources */ = {isa = PBXBuildFile; fileRef = 4935A9F61D4726F900B782BC /* AppDelegate.swift */; };
		4935A9FE1D4726F900B782BC /* Assets.xcassets in Resources */ = {isa = PBXBuildFile; fileRef = 4935A9FD1D4726F900B782BC /* Assets.xcassets */; };
		4935AA011D4726F900B782BC /* LaunchScreen.storyboard in Resources */ = {isa = PBXBuildFile; fileRef = 4935A9FF1D4726F900B782BC /* LaunchScreen.storyboard */; };
		4935AA0C1D4726F900B782BC /* Traffic_LightsTests.swift in Sources */ = {isa = PBXBuildFile; fileRef = 4935AA0B1D4726F900B782BC /* Traffic_LightsTests.swift */; };
		CE1A9B611D486EF000CB3776 /* Signal.swift in Sources */ = {isa = PBXBuildFile; fileRef = CE1A9B601D486EF000CB3776 /* Signal.swift */; };
		CE39B62F1D49C4D900E45CBB /* Helper.swift in Sources */ = {isa = PBXBuildFile; fileRef = CE39B62E1D49C4D900E45CBB /* Helper.swift */; };
		CEDBDB081D48746700BE244F /* IntersectionController.swift in Sources */ = {isa = PBXBuildFile; fileRef = CEDBDB071D48746700BE244F /* IntersectionController.swift */; };
/* End PBXBuildFile section */

/* Begin PBXContainerItemProxy section */
		4935AA081D4726F900B782BC /* PBXContainerItemProxy */ = {
			isa = PBXContainerItemProxy;
			containerPortal = 4935A9EB1D4726F900B782BC /* Project object */;
			proxyType = 1;
			remoteGlobalIDString = 4935A9F21D4726F900B782BC;
			remoteInfo = "Traffic Lights";
		};
/* End PBXContainerItemProxy section */

/* Begin PBXFileReference section */
		4935A9F31D4726F900B782BC /* Traffic Lights.app */ = {isa = PBXFileReference; explicitFileType = wrapper.application; includeInIndex = 0; path = "Traffic Lights.app"; sourceTree = BUILT_PRODUCTS_DIR; };
		4935A9F61D4726F900B782BC /* AppDelegate.swift */ = {isa = PBXFileReference; lastKnownFileType = sourcecode.swift; path = AppDelegate.swift; sourceTree = "<group>"; };
		4935A9FD1D4726F900B782BC /* Assets.xcassets */ = {isa = PBXFileReference; lastKnownFileType = folder.assetcatalog; path = Assets.xcassets; sourceTree = "<group>"; };
		4935AA001D4726F900B782BC /* Base */ = {isa = PBXFileReference; lastKnownFileType = file.storyboard; name = Base; path = Base.lproj/LaunchScreen.storyboard; sourceTree = "<group>"; };
		4935AA021D4726F900B782BC /* Info.plist */ = {isa = PBXFileReference; lastKnownFileType = text.plist.xml; path = Info.plist; sourceTree = "<group>"; };
		4935AA071D4726F900B782BC /* Traffic LightsTests.xctest */ = {isa = PBXFileReference; explicitFileType = wrapper.cfbundle; includeInIndex = 0; path = "Traffic LightsTests.xctest"; sourceTree = BUILT_PRODUCTS_DIR; };
		4935AA0B1D4726F900B782BC /* Traffic_LightsTests.swift */ = {isa = PBXFileReference; lastKnownFileType = sourcecode.swift; path = Traffic_LightsTests.swift; sourceTree = "<group>"; };
		4935AA0D1D4726F900B782BC /* Info.plist */ = {isa = PBXFileReference; lastKnownFileType = text.plist.xml; path = Info.plist; sourceTree = "<group>"; };
		CE1A9B601D486EF000CB3776 /* Signal.swift */ = {isa = PBXFileReference; fileEncoding = 4; lastKnownFileType = sourcecode.swift; path = Signal.swift; sourceTree = "<group>"; };
		CE39B62E1D49C4D900E45CBB /* Helper.swift */ = {isa = PBXFileReference; fileEncoding = 4; lastKnownFileType = sourcecode.swift; path = Helper.swift; sourceTree = "<group>"; };
		CEDBDB071D48746700BE244F /* IntersectionController.swift */ = {isa = PBXFileReference; fileEncoding = 4; lastKnownFileType = sourcecode.swift; path = IntersectionController.swift; sourceTree = "<group>"; };
/* End PBXFileReference section */

/* Begin PBXFrameworksBuildPhase section */
		4935A9F01D4726F900B782BC /* Frameworks */ = {
			isa = PBXFrameworksBuildPhase;
			buildActionMask = 2147483647;
			files = (
			);
			runOnlyForDeploymentPostprocessing = 0;
		};
		4935AA041D4726F900B782BC /* Frameworks */ = {
			isa = PBXFrameworksBuildPhase;
			buildActionMask = 2147483647;
			files = (
			);
			runOnlyForDeploymentPostprocessing = 0;
		};
/* End PBXFrameworksBuildPhase section */

/* Begin PBXGroup section */
		4935A9EA1D4726F900B782BC = {
			isa = PBXGroup;
			children = (
				4935A9F51D4726F900B782BC /* Traffic Lights */,
				4935AA0A1D4726F900B782BC /* Traffic LightsTests */,
				4935A9F41D4726F900B782BC /* Products */,
			);
			sourceTree = "<group>";
		};
		4935A9F41D4726F900B782BC /* Products */ = {
			isa = PBXGroup;
			children = (
				4935A9F31D4726F900B782BC /* Traffic Lights.app */,
				4935AA071D4726F900B782BC /* Traffic LightsTests.xctest */,
			);
			name = Products;
			sourceTree = "<group>";
		};
		4935A9F51D4726F900B782BC /* Traffic Lights */ = {
			isa = PBXGroup;
			children = (
				CE39B62B1D49C49900E45CBB /* Assets */,
				CE39B6301D49C4E900E45CBB /* Helper */,
				CE39B62D1D49C4A500E45CBB /* Model */,
				CE39B62C1D49C49F00E45CBB /* Controller */,
			);
			path = "Traffic Lights";
			sourceTree = "<group>";
		};
		4935AA0A1D4726F900B782BC /* Traffic LightsTests */ = {
			isa = PBXGroup;
			children = (
				4935AA0B1D4726F900B782BC /* Traffic_LightsTests.swift */,
				4935AA0D1D4726F900B782BC /* Info.plist */,
			);
			path = "Traffic LightsTests";
			sourceTree = "<group>";
		};
		CE39B62B1D49C49900E45CBB /* Assets */ = {
			isa = PBXGroup;
			children = (
				4935A9F61D4726F900B782BC /* AppDelegate.swift */,
				4935A9FD1D4726F900B782BC /* Assets.xcassets */,
				4935A9FF1D4726F900B782BC /* LaunchScreen.storyboard */,
				4935AA021D4726F900B782BC /* Info.plist */,
			);
			name = Assets;
			sourceTree = "<group>";
		};
		CE39B62C1D49C49F00E45CBB /* Controller */ = {
			isa = PBXGroup;
			children = (
				CEDBDB071D48746700BE244F /* IntersectionController.swift */,
			);
			name = Controller;
			sourceTree = "<group>";
		};
		CE39B62D1D49C4A500E45CBB /* Model */ = {
			isa = PBXGroup;
			children = (
				CE1A9B601D486EF000CB3776 /* Signal.swift */,
			);
			name = Model;
			sourceTree = "<group>";
		};
		CE39B6301D49C4E900E45CBB /* Helper */ = {
			isa = PBXGroup;
			children = (
				CE39B62E1D49C4D900E45CBB /* Helper.swift */,
			);
			name = Helper;
			sourceTree = "<group>";
		};
/* End PBXGroup section */

/* Begin PBXNativeTarget section */
		4935A9F21D4726F900B782BC /* Traffic Lights */ = {
			isa = PBXNativeTarget;
			buildConfigurationList = 4935AA101D4726F900B782BC /* Build configuration list for PBXNativeTarget "Traffic Lights" */;
			buildPhases = (
				4935A9EF1D4726F900B782BC /* Sources */,
				4935A9F01D4726F900B782BC /* Frameworks */,
				4935A9F11D4726F900B782BC /* Resources */,
			);
			buildRules = (
			);
			dependencies = (
			);
			name = "Traffic Lights";
			productName = "Traffic Lights";
			productReference = 4935A9F31D4726F900B782BC /* Traffic Lights.app */;
			productType = "com.apple.product-type.application";
		};
		4935AA061D4726F900B782BC /* Traffic LightsTests */ = {
			isa = PBXNativeTarget;
			buildConfigurationList = 4935AA131D4726F900B782BC /* Build configuration list for PBXNativeTarget "Traffic LightsTests" */;
			buildPhases = (
				4935AA031D4726F900B782BC /* Sources */,
				4935AA041D4726F900B782BC /* Frameworks */,
				4935AA051D4726F900B782BC /* Resources */,
			);
			buildRules = (
			);
			dependencies = (
				4935AA091D4726F900B782BC /* PBXTargetDependency */,
			);
			name = "Traffic LightsTests";
			productName = "Traffic LightsTests";
			productReference = 4935AA071D4726F900B782BC /* Traffic LightsTests.xctest */;
			productType = "com.apple.product-type.bundle.unit-test";
		};
/* End PBXNativeTarget section */

/* Begin PBXProject section */
		4935A9EB1D4726F900B782BC /* Project object */ = {
			isa = PBXProject;
			attributes = {
				LastSwiftUpdateCheck = 0730;
				LastUpgradeCheck = 0800;
				ORGANIZATIONNAME = "";
				TargetAttributes = {
					4935A9F21D4726F900B782BC = {
						CreatedOnToolsVersion = 7.3.1;
						DevelopmentTeam = EAN9592EK4;
						DevelopmentTeamName = "Gagandeep Singh";
						LastSwiftMigration = 0800;
					};
					4935AA061D4726F900B782BC = {
						CreatedOnToolsVersion = 7.3.1;
						LastSwiftMigration = 0800;
						TestTargetID = 4935A9F21D4726F900B782BC;
					};
				};
			};
			buildConfigurationList = 4935A9EE1D4726F900B782BC /* Build configuration list for PBXProject "Traffic Lights" */;
			compatibilityVersion = "Xcode 6.3";
			developmentRegion = English;
			hasScannedForEncodings = 0;
			knownRegions = (
				en,
				Base,
			);
			mainGroup = 4935A9EA1D4726F900B782BC;
			productRefGroup = 4935A9F41D4726F900B782BC /* Products */;
			projectDirPath = "";
			projectRoot = "";
			targets = (
				4935A9F21D4726F900B782BC /* Traffic Lights */,
				4935AA061D4726F900B782BC /* Traffic LightsTests */,
			);
		};
/* End PBXProject section */

/* Begin PBXResourcesBuildPhase section */
		4935A9F11D4726F900B782BC /* Resources */ = {
			isa = PBXResourcesBuildPhase;
			buildActionMask = 2147483647;
			files = (
				4935AA011D4726F900B782BC /* LaunchScreen.storyboard in Resources */,
				4935A9FE1D4726F900B782BC /* Assets.xcassets in Resources */,
			);
			runOnlyForDeploymentPostprocessing = 0;
		};
		4935AA051D4726F900B782BC /* Resources */ = {
			isa = PBXResourcesBuildPhase;
			buildActionMask = 2147483647;
			files = (
			);
			runOnlyForDeploymentPostprocessing = 0;
		};
/* End PBXResourcesBuildPhase section */

/* Begin PBXSourcesBuildPhase section */
		4935A9EF1D4726F900B782BC /* Sources */ = {
			isa = PBXSourcesBuildPhase;
			buildActionMask = 2147483647;
			files = (
				CEDBDB081D48746700BE244F /* IntersectionController.swift in Sources */,
				CE1A9B611D486EF000CB3776 /* Signal.swift in Sources */,
				4935A9F71D4726F900B782BC /* AppDelegate.swift in Sources */,
				CE39B62F1D49C4D900E45CBB /* Helper.swift in Sources */,
			);
			runOnlyForDeploymentPostprocessing = 0;
		};
		4935AA031D4726F900B782BC /* Sources */ = {
			isa = PBXSourcesBuildPhase;
			buildActionMask = 2147483647;
			files = (
				4935AA0C1D4726F900B782BC /* Traffic_LightsTests.swift in Sources */,
			);
			runOnlyForDeploymentPostprocessing = 0;
		};
/* End PBXSourcesBuildPhase section */

/* Begin PBXTargetDependency section */
		4935AA091D4726F900B782BC /* PBXTargetDependency */ = {
			isa = PBXTargetDependency;
			target = 4935A9F21D4726F900B782BC /* Traffic Lights */;
			targetProxy = 4935AA081D4726F900B782BC /* PBXContainerItemProxy */;
		};
/* End PBXTargetDependency section */

/* Begin PBXVariantGroup section */
		4935A9FF1D4726F900B782BC /* LaunchScreen.storyboard */ = {
			isa = PBXVariantGroup;
			children = (
				4935AA001D4726F900B782BC /* Base */,
			);
			name = LaunchScreen.storyboard;
			sourceTree = "<group>";
		};
/* End PBXVariantGroup section */

/* Begin XCBuildConfiguration section */
		4935AA0E1D4726F900B782BC /* Debug */ = {
			isa = XCBuildConfiguration;
			buildSettings = {
				ALWAYS_SEARCH_USER_PATHS = NO;
				CLANG_ANALYZER_NONNULL = YES;
				CLANG_CXX_LANGUAGE_STANDARD = "gnu++0x";
				CLANG_CXX_LIBRARY = "libc++";
				CLANG_ENABLE_MODULES = YES;
				CLANG_ENABLE_OBJC_ARC = YES;
				CLANG_WARN_BOOL_CONVERSION = YES;
				CLANG_WARN_CONSTANT_CONVERSION = YES;
				CLANG_WARN_DIRECT_OBJC_ISA_USAGE = YES_ERROR;
				CLANG_WARN_EMPTY_BODY = YES;
				CLANG_WARN_ENUM_CONVERSION = YES;
				CLANG_WARN_INT_CONVERSION = YES;
				CLANG_WARN_OBJC_ROOT_CLASS = YES_ERROR;
				CLANG_WARN_UNREACHABLE_CODE = YES;
				CLANG_WARN__DUPLICATE_METHOD_MATCH = YES;
				"CODE_SIGN_IDENTITY[sdk=iphoneos*]" = "iPhone Developer";
				COPY_PHASE_STRIP = NO;
				DEBUG_INFORMATION_FORMAT = dwarf;
				ENABLE_STRICT_OBJC_MSGSEND = YES;
				ENABLE_TESTABILITY = YES;
				GCC_C_LANGUAGE_STANDARD = gnu99;
				GCC_DYNAMIC_NO_PIC = NO;
				GCC_NO_COMMON_BLOCKS = YES;
				GCC_OPTIMIZATION_LEVEL = 0;
				GCC_PREPROCESSOR_DEFINITIONS = (
					"DEBUG=1",
					"$(inherited)",
				);
				GCC_WARN_64_TO_32_BIT_CONVERSION = YES;
				GCC_WARN_ABOUT_RETURN_TYPE = YES_ERROR;
				GCC_WARN_UNDECLARED_SELECTOR = YES;
				GCC_WARN_UNINITIALIZED_AUTOS = YES_AGGRESSIVE;
				GCC_WARN_UNUSED_FUNCTION = YES;
				GCC_WARN_UNUSED_VARIABLE = YES;
				IPHONEOS_DEPLOYMENT_TARGET = 9.3;
				MTL_ENABLE_DEBUG_INFO = YES;
				ONLY_ACTIVE_ARCH = YES;
				SDKROOT = iphoneos;
				SWIFT_OPTIMIZATION_LEVEL = "-Onone";
				TARGETED_DEVICE_FAMILY = "1,2";
			};
			name = Debug;
		};
		4935AA0F1D4726F900B782BC /* Release */ = {
			isa = XCBuildConfiguration;
			buildSettings = {
				ALWAYS_SEARCH_USER_PATHS = NO;
				CLANG_ANALYZER_NONNULL = YES;
				CLANG_CXX_LANGUAGE_STANDARD = "gnu++0x";
				CLANG_CXX_LIBRARY = "libc++";
				CLANG_ENABLE_MODULES = YES;
				CLANG_ENABLE_OBJC_ARC = YES;
				CLANG_WARN_BOOL_CONVERSION = YES;
				CLANG_WARN_CONSTANT_CONVERSION = YES;
				CLANG_WARN_DIRECT_OBJC_ISA_USAGE = YES_ERROR;
				CLANG_WARN_EMPTY_BODY = YES;
				CLANG_WARN_ENUM_CONVERSION = YES;
				CLANG_WARN_INT_CONVERSION = YES;
				CLANG_WARN_OBJC_ROOT_CLASS = YES_ERROR;
				CLANG_WARN_UNREACHABLE_CODE = YES;
				CLANG_WARN__DUPLICATE_METHOD_MATCH = YES;
				"CODE_SIGN_IDENTITY[sdk=iphoneos*]" = "iPhone Developer";
				COPY_PHASE_STRIP = NO;
				DEBUG_INFORMATION_FORMAT = "dwarf-with-dsym";
				ENABLE_NS_ASSERTIONS = NO;
				ENABLE_STRICT_OBJC_MSGSEND = YES;
				GCC_C_LANGUAGE_STANDARD = gnu99;
				GCC_NO_COMMON_BLOCKS = YES;
				GCC_WARN_64_TO_32_BIT_CONVERSION = YES;
				GCC_WARN_ABOUT_RETURN_TYPE = YES_ERROR;
				GCC_WARN_UNDECLARED_SELECTOR = YES;
				GCC_WARN_UNINITIALIZED_AUTOS = YES_AGGRESSIVE;
				GCC_WARN_UNUSED_FUNCTION = YES;
				GCC_WARN_UNUSED_VARIABLE = YES;
				IPHONEOS_DEPLOYMENT_TARGET = 9.3;
				MTL_ENABLE_DEBUG_INFO = NO;
				SDKROOT = iphoneos;
				TARGETED_DEVICE_FAMILY = "1,2";
				VALIDATE_PRODUCT = YES;
			};
			name = Release;
		};
		4935AA111D4726F900B782BC /* Debug */ = {
			isa = XCBuildConfiguration;
			buildSettings = {
				ASSETCATALOG_COMPILER_APPICON_NAME = AppIcon;
				INFOPLIST_FILE = "Traffic Lights/Info.plist";
				LD_RUNPATH_SEARCH_PATHS = "$(inherited) @executable_path/Frameworks";
				PRODUCT_BUNDLE_IDENTIFIER = "Traffic-Lights";
				PRODUCT_NAME = "$(TARGET_NAME)";
				SWIFT_VERSION = 3.0;
			};
			name = Debug;
		};
		4935AA121D4726F900B782BC /* Release */ = {
			isa = XCBuildConfiguration;
			buildSettings = {
				ASSETCATALOG_COMPILER_APPICON_NAME = AppIcon;
				INFOPLIST_FILE = "Traffic Lights/Info.plist";
				LD_RUNPATH_SEARCH_PATHS = "$(inherited) @executable_path/Frameworks";
				PRODUCT_BUNDLE_IDENTIFIER = "Traffic-Lights";
				PRODUCT_NAME = "$(TARGET_NAME)";
				SWIFT_OPTIMIZATION_LEVEL = "-Owholemodule";
				SWIFT_VERSION = 3.0;
			};
			name = Release;
		};
		4935AA141D4726F900B782BC /* Debug */ = {
			isa = XCBuildConfiguration;
			buildSettings = {
				BUNDLE_LOADER = "$(TEST_HOST)";
				INFOPLIST_FILE = "Traffic LightsTests/Info.plist";
				LD_RUNPATH_SEARCH_PATHS = "$(inherited) @executable_path/Frameworks @loader_path/Frameworks";
				PRODUCT_BUNDLE_IDENTIFIER = "Traffic-LightsTests";
				PRODUCT_NAME = "$(TARGET_NAME)";
				SWIFT_VERSION = 3.0;
				TEST_HOST = "$(BUILT_PRODUCTS_DIR)/Traffic Lights.app/Traffic Lights";
			};
			name = Debug;
		};
		4935AA151D4726F900B782BC /* Release */ = {
			isa = XCBuildConfiguration;
			buildSettings = {
				BUNDLE_LOADER = "$(TEST_HOST)";
				INFOPLIST_FILE = "Traffic LightsTests/Info.plist";
				LD_RUNPATH_SEARCH_PATHS = "$(inherited) @executable_path/Frameworks @loader_path/Frameworks";
				PRODUCT_BUNDLE_IDENTIFIER = "Traffic-LightsTests";
				PRODUCT_NAME = "$(TARGET_NAME)";
				SWIFT_OPTIMIZATION_LEVEL = "-Owholemodule";
				SWIFT_VERSION = 3.0;
				TEST_HOST = "$(BUILT_PRODUCTS_DIR)/Traffic Lights.app/Traffic Lights";
			};
			name = Release;
		};
/* End XCBuildConfiguration section */

/* Begin XCConfigurationList section */
		4935A9EE1D4726F900B782BC /* Build configuration list for PBXProject "Traffic Lights" */ = {
			isa = XCConfigurationList;
			buildConfigurations = (
				4935AA0E1D4726F900B782BC /* Debug */,
				4935AA0F1D4726F900B782BC /* Release */,
			);
			defaultConfigurationIsVisible = 0;
			defaultConfigurationName = Release;
		};
		4935AA101D4726F900B782BC /* Build configuration list for PBXNativeTarget "Traffic Lights" */ = {
			isa = XCConfigurationList;
			buildConfigurations = (
				4935AA111D4726F900B782BC /* Debug */,
				4935AA121D4726F900B782BC /* Release */,
			);
			defaultConfigurationIsVisible = 0;
			defaultConfigurationName = Release;
		};
		4935AA131D4726F900B782BC /* Build configuration list for PBXNativeTarget "Traffic LightsTests" */ = {
			isa = XCConfigurationList;
			buildConfigurations = (
				4935AA141D4726F900B782BC /* Debug */,
				4935AA151D4726F900B782BC /* Release */,
			);
			defaultConfigurationIsVisible = 0;
			defaultConfigurationName = Release;
		};
/* End XCConfigurationList section */
	};
	rootObject = 4935A9EB1D4726F900B782BC /* Project object */;
}
